
Microsoft Visual Studio Solution File, Format Version 12.00
# Visual Studio Version 17
VisualStudioVersion = 17.9.34714.143
MinimumVisualStudioVersion = 10.0.40219.1
Project("{9A19103F-16F7-4668-BE54-9A1E7A4F7556}") = "LibraryApplication", "LibraryApplication\LibraryApplication.csproj", "{CBACA1C6-0EF6-4DA4-B466-9AC091DA1C25}"
EndProject
Project("{9A19103F-16F7-4668-BE54-9A1E7A4F7556}") = "Data", "Data\Data.csproj", "{F8383561-5745-4222-BA98-55D6616D2601}"
EndProject
Project("{9A19103F-16F7-4668-BE54-9A1E7A4F7556}") = "SignalR", "SignalR\SignalR.csproj", "{42B21934-D72E-49E3-809E-E4A9E5A62552}"
EndProject
Project("{FAE04EC0-301F-11D3-BF4B-00C04F79EFBC}") = "DataAccess", "DataAccess\DataAccess.csproj", "{90B566A8-A727-450F-A580-68C5DB588995}"
EndProject
Global
	GlobalSection(SolutionConfigurationPlatforms) = preSolution
		Debug|Any CPU = Debug|Any CPU
		Release|Any CPU = Release|Any CPU
	EndGlobalSection
	GlobalSection(ProjectConfigurationPlatforms) = postSolution
		{CBACA1C6-0EF6-4DA4-B466-9AC091DA1C25}.Debug|Any CPU.ActiveCfg = Debug|Any CPU
		{CBACA1C6-0EF6-4DA4-B466-9AC091DA1C25}.Debug|Any CPU.Build.0 = Debug|Any CPU
		{CBACA1C6-0EF6-4DA4-B466-9AC091DA1C25}.Release|Any CPU.ActiveCfg = Release|Any CPU
		{CBACA1C6-0EF6-4DA4-B466-9AC091DA1C25}.Release|Any CPU.Build.0 = Release|Any CPU
		{F8383561-5745-4222-BA98-55D6616D2601}.Debug|Any CPU.ActiveCfg = Debug|Any CPU
		{F8383561-5745-4222-BA98-55D6616D2601}.Debug|Any CPU.Build.0 = Debug|Any CPU
		{F8383561-5745-4222-BA98-55D6616D2601}.Release|Any CPU.ActiveCfg = Release|Any CPU
		{F8383561-5745-4222-BA98-55D6616D2601}.Release|Any CPU.Build.0 = Release|Any CPU
		{42B21934-D72E-49E3-809E-E4A9E5A62552}.Debug|Any CPU.ActiveCfg = Debug|Any CPU
		{42B21934-D72E-49E3-809E-E4A9E5A62552}.Debug|Any CPU.Build.0 = Debug|Any CPU
		{42B21934-D72E-49E3-809E-E4A9E5A62552}.Release|Any CPU.ActiveCfg = Release|Any CPU
		{42B21934-D72E-49E3-809E-E4A9E5A62552}.Release|Any CPU.Build.0 = Release|Any CPU
		{90B566A8-A727-450F-A580-68C5DB588995}.Debug|Any CPU.ActiveCfg = Debug|Any CPU
		{90B566A8-A727-450F-A580-68C5DB588995}.Debug|Any CPU.Build.0 = Debug|Any CPU
		{90B566A8-A727-450F-A580-68C5DB588995}.Release|Any CPU.ActiveCfg = Release|Any CPU
		{90B566A8-A727-450F-A580-68C5DB588995}.Release|Any CPU.Build.0 = Release|Any CPU
	EndGlobalSection
	GlobalSection(SolutionProperties) = preSolution
		HideSolutionNode = FALSE
	EndGlobalSection
	GlobalSection(ExtensibilityGlobals) = postSolution
		SolutionGuid = {9F90C712-4FF8-46C2-9CD2-526EDFCF13D2}
	EndGlobalSection
EndGlobal
